
Microsoft Visual Studio Solution File, Format Version 12.00
# Visual Studio Version 17
VisualStudioVersion = 17.6.33829.357
MinimumVisualStudioVersion = 10.0.40219.1
Project("{FAE04EC0-301F-11D3-BF4B-00C04F79EFBC}") = "Taxi", "Taxi\Taxi.csproj", "{75D5BA77-AAB2-47DE-AF29-0C9609CBEE08}"
EndProject
Global
	GlobalSection(SolutionConfigurationPlatforms) = preSolution
		Debug|Any CPU = Debug|Any CPU
		Release|Any CPU = Release|Any CPU
	EndGlobalSection
	GlobalSection(ProjectConfigurationPlatforms) = postSolution
		{75D5BA77-AAB2-47DE-AF29-0C9609CBEE08}.Debug|Any CPU.ActiveCfg = Debug|Any CPU
		{75D5BA77-AAB2-47DE-AF29-0C9609CBEE08}.Debug|Any CPU.Build.0 = Debug|Any CPU
		{75D5BA77-AAB2-47DE-AF29-0C9609CBEE08}.Release|Any CPU.ActiveCfg = Release|Any CPU
		{75D5BA77-AAB2-47DE-AF29-0C9609CBEE08}.Release|Any CPU.Build.0 = Release|Any CPU
	EndGlobalSection
	GlobalSection(SolutionProperties) = preSolution
		HideSolutionNode = FALSE
	EndGlobalSection
	GlobalSection(ExtensibilityGlobals) = postSolution
		SolutionGuid = {E3B74216-9A21-4A9F-9DD2-C7711E84C40E}
	EndGlobalSection
EndGlobal
